
Microsoft Visual Studio Solution File, Format Version 12.00
# Visual Studio 15
Project("{FAE04EC0-301F-11D3-BF4B-00C04F79EFBC}") = "Assembly-CSharp", "Assembly-CSharp.csproj", "{44B03F62-F318-1F0E-0C26-B349EA2ECE9F}"
EndProject
Project("{FAE04EC0-301F-11D3-BF4B-00C04F79EFBC}") = "Assembly-CSharp-Editor", "Assembly-CSharp-Editor.csproj", "{2CBE584B-D597-0506-1ABB-D377B0D59A53}"
EndProject
Project("{2150E333-8FDC-42A3-9474-1A3956D46DE8}") = "Solution Items", "Solution Items", "{C10823D5-5C16-47D7-AA7A-251000DF8FB3}"
	ProjectSection(SolutionItems) = preProject
		notes.txt = notes.txt
	EndProjectSection
EndProject
Global
	GlobalSection(SolutionConfigurationPlatforms) = preSolution
		Debug|Any CPU = Debug|Any CPU
		Release|Any CPU = Release|Any CPU
	EndGlobalSection
	GlobalSection(ProjectConfigurationPlatforms) = postSolution
		{44B03F62-F318-1F0E-0C26-B349EA2ECE9F}.Debug|Any CPU.ActiveCfg = Debug|Any CPU
		{44B03F62-F318-1F0E-0C26-B349EA2ECE9F}.Debug|Any CPU.Build.0 = Debug|Any CPU
		{44B03F62-F318-1F0E-0C26-B349EA2ECE9F}.Release|Any CPU.ActiveCfg = Release|Any CPU
		{44B03F62-F318-1F0E-0C26-B349EA2ECE9F}.Release|Any CPU.Build.0 = Release|Any CPU
		{2CBE584B-D597-0506-1ABB-D377B0D59A53}.Debug|Any CPU.ActiveCfg = Debug|Any CPU
		{2CBE584B-D597-0506-1ABB-D377B0D59A53}.Debug|Any CPU.Build.0 = Debug|Any CPU
		{2CBE584B-D597-0506-1ABB-D377B0D59A53}.Release|Any CPU.ActiveCfg = Release|Any CPU
		{2CBE584B-D597-0506-1ABB-D377B0D59A53}.Release|Any CPU.Build.0 = Release|Any CPU
	EndGlobalSection
	GlobalSection(SolutionProperties) = preSolution
		HideSolutionNode = FALSE
	EndGlobalSection
EndGlobal
